// !$*UTF8*$!
{
	archiveVersion = 1;
	classes = {
	};
	objectVersion = 50;
	objects = {

/* Begin PBXBuildFile section */
		FAC37D612644A9D9009A36C7 /* travello.json in Resources */ = {isa = PBXBuildFile; fileRef = FAC37D602644A9D9009A36C7 /* travello.json */; };
		FAC37D672644BC7E009A36C7 /* PostTableViewCell.swift in Sources */ = {isa = PBXBuildFile; fileRef = FAC37D662644BC7E009A36C7 /* PostTableViewCell.swift */; };
		FAC37D6A2644DABC009A36C7 /* DetailViewController.swift in Sources */ = {isa = PBXBuildFile; fileRef = FAC37D692644DABC009A36C7 /* DetailViewController.swift */; };
		FAC37D732644E3D7009A36C7 /* post_challengeTests.swift in Sources */ = {isa = PBXBuildFile; fileRef = FAC37D722644E3D7009A36C7 /* post_challengeTests.swift */; };
		FAE507662640EE3A002790C7 /* AppDelegate.swift in Sources */ = {isa = PBXBuildFile; fileRef = FAE507652640EE3A002790C7 /* AppDelegate.swift */; };
		FAE507682640EE3A002790C7 /* SceneDelegate.swift in Sources */ = {isa = PBXBuildFile; fileRef = FAE507672640EE3A002790C7 /* SceneDelegate.swift */; };
		FAE5076A2640EE3A002790C7 /* PostTableViewController.swift in Sources */ = {isa = PBXBuildFile; fileRef = FAE507692640EE3A002790C7 /* PostTableViewController.swift */; };
		FAE5076D2640EE3A002790C7 /* Main.storyboard in Resources */ = {isa = PBXBuildFile; fileRef = FAE5076B2640EE3A002790C7 /* Main.storyboard */; };
		FAE5076F2640EE3B002790C7 /* Assets.xcassets in Resources */ = {isa = PBXBuildFile; fileRef = FAE5076E2640EE3B002790C7 /* Assets.xcassets */; };
		FAE507722640EE3B002790C7 /* LaunchScreen.storyboard in Resources */ = {isa = PBXBuildFile; fileRef = FAE507702640EE3B002790C7 /* LaunchScreen.storyboard */; };
		FAE5077F2640EF0C002790C7 /* PostViewModel.swift in Sources */ = {isa = PBXBuildFile; fileRef = FAE5077E2640EF0C002790C7 /* PostViewModel.swift */; };
		FAE507832640EF39002790C7 /* Post.swift in Sources */ = {isa = PBXBuildFile; fileRef = FAE507822640EF39002790C7 /* Post.swift */; };
		FAE507872640F0D6002790C7 /* APIService.swift in Sources */ = {isa = PBXBuildFile; fileRef = FAE507862640F0D6002790C7 /* APIService.swift */; };
/* End PBXBuildFile section */

/* Begin PBXContainerItemProxy section */
		FAC37D752644E3D7009A36C7 /* PBXContainerItemProxy */ = {
			isa = PBXContainerItemProxy;
			containerPortal = FAE5075A2640EE3A002790C7 /* Project object */;
			proxyType = 1;
			remoteGlobalIDString = FAE507612640EE3A002790C7;
			remoteInfo = "post challenge";
		};
/* End PBXContainerItemProxy section */

/* Begin PBXFileReference section */
		FAC37D602644A9D9009A36C7 /* travello.json */ = {isa = PBXFileReference; lastKnownFileType = text.json; path = travello.json; sourceTree = "<group>"; xcLanguageSpecificationIdentifier = xcode.lang.json; };
		FAC37D662644BC7E009A36C7 /* PostTableViewCell.swift */ = {isa = PBXFileReference; lastKnownFileType = sourcecode.swift; path = PostTableViewCell.swift; sourceTree = "<group>"; };
		FAC37D692644DABC009A36C7 /* DetailViewController.swift */ = {isa = PBXFileReference; lastKnownFileType = sourcecode.swift; path = DetailViewController.swift; sourceTree = "<group>"; };
		FAC37D702644E3D7009A36C7 /* post challengeTests.xctest */ = {isa = PBXFileReference; explicitFileType = wrapper.cfbundle; includeInIndex = 0; path = "post challengeTests.xctest"; sourceTree = BUILT_PRODUCTS_DIR; };
		FAC37D722644E3D7009A36C7 /* post_challengeTests.swift */ = {isa = PBXFileReference; lastKnownFileType = sourcecode.swift; path = post_challengeTests.swift; sourceTree = "<group>"; };
		FAC37D742644E3D7009A36C7 /* Info.plist */ = {isa = PBXFileReference; lastKnownFileType = text.plist.xml; path = Info.plist; sourceTree = "<group>"; };
		FAE507622640EE3A002790C7 /* post challenge.app */ = {isa = PBXFileReference; explicitFileType = wrapper.application; includeInIndex = 0; path = "post challenge.app"; sourceTree = BUILT_PRODUCTS_DIR; };
		FAE507652640EE3A002790C7 /* AppDelegate.swift */ = {isa = PBXFileReference; lastKnownFileType = sourcecode.swift; path = AppDelegate.swift; sourceTree = "<group>"; };
		FAE507672640EE3A002790C7 /* SceneDelegate.swift */ = {isa = PBXFileReference; lastKnownFileType = sourcecode.swift; path = SceneDelegate.swift; sourceTree = "<group>"; };
		FAE507692640EE3A002790C7 /* PostTableViewController.swift */ = {isa = PBXFileReference; lastKnownFileType = sourcecode.swift; path = PostTableViewController.swift; sourceTree = "<group>"; };
		FAE5076C2640EE3A002790C7 /* Base */ = {isa = PBXFileReference; lastKnownFileType = file.storyboard; name = Base; path = Base.lproj/Main.storyboard; sourceTree = "<group>"; };
		FAE5076E2640EE3B002790C7 /* Assets.xcassets */ = {isa = PBXFileReference; lastKnownFileType = folder.assetcatalog; path = Assets.xcassets; sourceTree = "<group>"; };
		FAE507712640EE3B002790C7 /* Base */ = {isa = PBXFileReference; lastKnownFileType = file.storyboard; name = Base; path = Base.lproj/LaunchScreen.storyboard; sourceTree = "<group>"; };
		FAE507732640EE3B002790C7 /* Info.plist */ = {isa = PBXFileReference; lastKnownFileType = text.plist.xml; path = Info.plist; sourceTree = "<group>"; };
		FAE5077E2640EF0C002790C7 /* PostViewModel.swift */ = {isa = PBXFileReference; lastKnownFileType = sourcecode.swift; path = PostViewModel.swift; sourceTree = "<group>"; };
		FAE507822640EF39002790C7 /* Post.swift */ = {isa = PBXFileReference; lastKnownFileType = sourcecode.swift; path = Post.swift; sourceTree = "<group>"; };
		FAE507862640F0D6002790C7 /* APIService.swift */ = {isa = PBXFileReference; lastKnownFileType = sourcecode.swift; path = APIService.swift; sourceTree = "<group>"; };
/* End PBXFileReference section */

/* Begin PBXFrameworksBuildPhase section */
		FAC37D6D2644E3D7009A36C7 /* Frameworks */ = {
			isa = PBXFrameworksBuildPhase;
			buildActionMask = 2147483647;
			files = (
			);
			runOnlyForDeploymentPostprocessing = 0;
		};
		FAE5075F2640EE3A002790C7 /* Frameworks */ = {
			isa = PBXFrameworksBuildPhase;
			buildActionMask = 2147483647;
			files = (
			);
			runOnlyForDeploymentPostprocessing = 0;
		};
/* End PBXFrameworksBuildPhase section */

/* Begin PBXGroup section */
		FAC37D652644BC5C009A36C7 /* View */ = {
			isa = PBXGroup;
			children = (
				FAC37D662644BC7E009A36C7 /* PostTableViewCell.swift */,
			);
			path = View;
			sourceTree = "<group>";
		};
		FAC37D712644E3D7009A36C7 /* post challengeTests */ = {
			isa = PBXGroup;
			children = (
				FAC37D722644E3D7009A36C7 /* post_challengeTests.swift */,
				FAC37D742644E3D7009A36C7 /* Info.plist */,
			);
			path = "post challengeTests";
			sourceTree = "<group>";
		};
		FAE507592640EE3A002790C7 = {
			isa = PBXGroup;
			children = (
				FAE507642640EE3A002790C7 /* post challenge */,
				FAC37D712644E3D7009A36C7 /* post challengeTests */,
				FAE507632640EE3A002790C7 /* Products */,
			);
			sourceTree = "<group>";
		};
		FAE507632640EE3A002790C7 /* Products */ = {
			isa = PBXGroup;
			children = (
				FAE507622640EE3A002790C7 /* post challenge.app */,
				FAC37D702644E3D7009A36C7 /* post challengeTests.xctest */,
			);
			name = Products;
			sourceTree = "<group>";
		};
		FAE507642640EE3A002790C7 /* post challenge */ = {
			isa = PBXGroup;
			children = (
				FAC37D652644BC5C009A36C7 /* View */,
				FAE5077D2640EEF3002790C7 /* API Service */,
				FAE5077C2640EEEB002790C7 /* Controller */,
				FAE5077B2640EEC8002790C7 /* View Model */,
				FAE5077A2640EEC2002790C7 /* Model */,
				FAE507652640EE3A002790C7 /* AppDelegate.swift */,
				FAE507672640EE3A002790C7 /* SceneDelegate.swift */,
				FAE5076B2640EE3A002790C7 /* Main.storyboard */,
				FAE5076E2640EE3B002790C7 /* Assets.xcassets */,
				FAE507702640EE3B002790C7 /* LaunchScreen.storyboard */,
				FAE507732640EE3B002790C7 /* Info.plist */,
				FAC37D602644A9D9009A36C7 /* travello.json */,
			);
			path = "post challenge";
			sourceTree = "<group>";
		};
		FAE5077A2640EEC2002790C7 /* Model */ = {
			isa = PBXGroup;
			children = (
				FAE507822640EF39002790C7 /* Post.swift */,
			);
			path = Model;
			sourceTree = "<group>";
		};
		FAE5077B2640EEC8002790C7 /* View Model */ = {
			isa = PBXGroup;
			children = (
				FAE5077E2640EF0C002790C7 /* PostViewModel.swift */,
			);
			path = "View Model";
			sourceTree = "<group>";
		};
		FAE5077C2640EEEB002790C7 /* Controller */ = {
			isa = PBXGroup;
			children = (
				FAE507692640EE3A002790C7 /* PostTableViewController.swift */,
				FAC37D692644DABC009A36C7 /* DetailViewController.swift */,
			);
			path = Controller;
			sourceTree = "<group>";
		};
		FAE5077D2640EEF3002790C7 /* API Service */ = {
			isa = PBXGroup;
			children = (
				FAE507862640F0D6002790C7 /* APIService.swift */,
			);
			path = "API Service";
			sourceTree = "<group>";
		};
/* End PBXGroup section */

/* Begin PBXNativeTarget section */
		FAC37D6F2644E3D7009A36C7 /* post challengeTests */ = {
			isa = PBXNativeTarget;
			buildConfigurationList = FAC37D772644E3D7009A36C7 /* Build configuration list for PBXNativeTarget "post challengeTests" */;
			buildPhases = (
				FAC37D6C2644E3D7009A36C7 /* Sources */,
				FAC37D6D2644E3D7009A36C7 /* Frameworks */,
				FAC37D6E2644E3D7009A36C7 /* Resources */,
			);
			buildRules = (
			);
			dependencies = (
				FAC37D762644E3D7009A36C7 /* PBXTargetDependency */,
			);
			name = "post challengeTests";
			productName = "post challengeTests";
			productReference = FAC37D702644E3D7009A36C7 /* post challengeTests.xctest */;
			productType = "com.apple.product-type.bundle.unit-test";
		};
		FAE507612640EE3A002790C7 /* post challenge */ = {
			isa = PBXNativeTarget;
			buildConfigurationList = FAE507762640EE3B002790C7 /* Build configuration list for PBXNativeTarget "post challenge" */;
			buildPhases = (
				FAE5075E2640EE3A002790C7 /* Sources */,
				FAE5075F2640EE3A002790C7 /* Frameworks */,
				FAE507602640EE3A002790C7 /* Resources */,
			);
			buildRules = (
			);
			dependencies = (
			);
			name = "post challenge";
			productName = "post challenge";
			productReference = FAE507622640EE3A002790C7 /* post challenge.app */;
			productType = "com.apple.product-type.application";
		};
/* End PBXNativeTarget section */

/* Begin PBXProject section */
		FAE5075A2640EE3A002790C7 /* Project object */ = {
			isa = PBXProject;
			attributes = {
				LastSwiftUpdateCheck = 1240;
				LastUpgradeCheck = 1240;
				TargetAttributes = {
					FAC37D6F2644E3D7009A36C7 = {
						CreatedOnToolsVersion = 12.4;
						TestTargetID = FAE507612640EE3A002790C7;
					};
					FAE507612640EE3A002790C7 = {
						CreatedOnToolsVersion = 12.4;
					};
				};
			};
			buildConfigurationList = FAE5075D2640EE3A002790C7 /* Build configuration list for PBXProject "post challenge" */;
			compatibilityVersion = "Xcode 9.3";
			developmentRegion = en;
			hasScannedForEncodings = 0;
			knownRegions = (
				en,
				Base,
			);
			mainGroup = FAE507592640EE3A002790C7;
			productRefGroup = FAE507632640EE3A002790C7 /* Products */;
			projectDirPath = "";
			projectRoot = "";
			targets = (
				FAE507612640EE3A002790C7 /* post challenge */,
				FAC37D6F2644E3D7009A36C7 /* post challengeTests */,
			);
		};
/* End PBXProject section */

/* Begin PBXResourcesBuildPhase section */
		FAC37D6E2644E3D7009A36C7 /* Resources */ = {
			isa = PBXResourcesBuildPhase;
			buildActionMask = 2147483647;
			files = (
			);
			runOnlyForDeploymentPostprocessing = 0;
		};
		FAE507602640EE3A002790C7 /* Resources */ = {
			isa = PBXResourcesBuildPhase;
			buildActionMask = 2147483647;
			files = (
				FAE507722640EE3B002790C7 /* LaunchScreen.storyboard in Resources */,
				FAE5076F2640EE3B002790C7 /* Assets.xcassets in Resources */,
				FAC37D612644A9D9009A36C7 /* travello.json in Resources */,
				FAE5076D2640EE3A002790C7 /* Main.storyboard in Resources */,
			);
			runOnlyForDeploymentPostprocessing = 0;
		};
/* End PBXResourcesBuildPhase section */

/* Begin PBXSourcesBuildPhase section */
		FAC37D6C2644E3D7009A36C7 /* Sources */ = {
			isa = PBXSourcesBuildPhase;
			buildActionMask = 2147483647;
			files = (
				FAC37D732644E3D7009A36C7 /* post_challengeTests.swift in Sources */,
			);
			runOnlyForDeploymentPostprocessing = 0;
		};
		FAE5075E2640EE3A002790C7 /* Sources */ = {
			isa = PBXSourcesBuildPhase;
			buildActionMask = 2147483647;
			files = (
				FAC37D672644BC7E009A36C7 /* PostTableViewCell.swift in Sources */,
				FAE5077F2640EF0C002790C7 /* PostViewModel.swift in Sources */,
				FAE5076A2640EE3A002790C7 /* PostTableViewController.swift in Sources */,
				FAE507662640EE3A002790C7 /* AppDelegate.swift in Sources */,
				FAE507682640EE3A002790C7 /* SceneDelegate.swift in Sources */,
				FAE507872640F0D6002790C7 /* APIService.swift in Sources */,
				FAE507832640EF39002790C7 /* Post.swift in Sources */,
				FAC37D6A2644DABC009A36C7 /* DetailViewController.swift in Sources */,
			);
			runOnlyForDeploymentPostprocessing = 0;
		};
/* End PBXSourcesBuildPhase section */

/* Begin PBXTargetDependency section */
		FAC37D762644E3D7009A36C7 /* PBXTargetDependency */ = {
			isa = PBXTargetDependency;
			target = FAE507612640EE3A002790C7 /* post challenge */;
			targetProxy = FAC37D752644E3D7009A36C7 /* PBXContainerItemProxy */;
		};
/* End PBXTargetDependency section */

/* Begin PBXVariantGroup section */
		FAE5076B2640EE3A002790C7 /* Main.storyboard */ = {
			isa = PBXVariantGroup;
			children = (
				FAE5076C2640EE3A002790C7 /* Base */,
			);
			name = Main.storyboard;
			sourceTree = "<group>";
		};
		FAE507702640EE3B002790C7 /* LaunchScreen.storyboard */ = {
			isa = PBXVariantGroup;
			children = (
				FAE507712640EE3B002790C7 /* Base */,
			);
			name = LaunchScreen.storyboard;
			sourceTree = "<group>";
		};
/* End PBXVariantGroup section */

/* Begin XCBuildConfiguration section */
		FAC37D782644E3D7009A36C7 /* Debug */ = {
			isa = XCBuildConfiguration;
			buildSettings = {
				BUNDLE_LOADER = "$(TEST_HOST)";
				CODE_SIGN_STYLE = Automatic;
				INFOPLIST_FILE = "post challengeTests/Info.plist";
				LD_RUNPATH_SEARCH_PATHS = (
					"$(inherited)",
					"@executable_path/Frameworks",
					"@loader_path/Frameworks",
				);
				PRODUCT_BUNDLE_IDENTIFIER = "jc.post-challengeTests";
				PRODUCT_NAME = "$(TARGET_NAME)";
				SWIFT_VERSION = 5.0;
				TARGETED_DEVICE_FAMILY = "1,2";
				TEST_HOST = "$(BUILT_PRODUCTS_DIR)/post challenge.app/post challenge";
			};
			name = Debug;
		};
		FAC37D792644E3D7009A36C7 /* Release */ = {
			isa = XCBuildConfiguration;
			buildSettings = {
				BUNDLE_LOADER = "$(TEST_HOST)";
				CODE_SIGN_STYLE = Automatic;
				INFOPLIST_FILE = "post challengeTests/Info.plist";
				LD_RUNPATH_SEARCH_PATHS = (
					"$(inherited)",
					"@executable_path/Frameworks",
					"@loader_path/Frameworks",
				);
				PRODUCT_BUNDLE_IDENTIFIER = "jc.post-challengeTests";
				PRODUCT_NAME = "$(TARGET_NAME)";
				SWIFT_VERSION = 5.0;
				TARGETED_DEVICE_FAMILY = "1,2";
				TEST_HOST = "$(BUILT_PRODUCTS_DIR)/post challenge.app/post challenge";
			};
			name = Release;
		};
		FAE507742640EE3B002790C7 /* Debug */ = {
			isa = XCBuildConfiguration;
			buildSettings = {
				ALWAYS_SEARCH_USER_PATHS = NO;
				CLANG_ANALYZER_NONNULL = YES;
				CLANG_ANALYZER_NUMBER_OBJECT_CONVERSION = YES_AGGRESSIVE;
				CLANG_CXX_LANGUAGE_STANDARD = "gnu++14";
				CLANG_CXX_LIBRARY = "libc++";
				CLANG_ENABLE_MODULES = YES;
				CLANG_ENABLE_OBJC_ARC = YES;
				CLANG_ENABLE_OBJC_WEAK = YES;
				CLANG_WARN_BLOCK_CAPTURE_AUTORELEASING = YES;
				CLANG_WARN_BOOL_CONVERSION = YES;
				CLANG_WARN_COMMA = YES;
				CLANG_WARN_CONSTANT_CONVERSION = YES;
				CLANG_WARN_DEPRECATED_OBJC_IMPLEMENTATIONS = YES;
				CLANG_WARN_DIRECT_OBJC_ISA_USAGE = YES_ERROR;
				CLANG_WARN_DOCUMENTATION_COMMENTS = YES;
				CLANG_WARN_EMPTY_BODY = YES;
				CLANG_WARN_ENUM_CONVERSION = YES;
				CLANG_WARN_INFINITE_RECURSION = YES;
				CLANG_WARN_INT_CONVERSION = YES;
				CLANG_WARN_NON_LITERAL_NULL_CONVERSION = YES;
				CLANG_WARN_OBJC_IMPLICIT_RETAIN_SELF = YES;
				CLANG_WARN_OBJC_LITERAL_CONVERSION = YES;
				CLANG_WARN_OBJC_ROOT_CLASS = YES_ERROR;
				CLANG_WARN_QUOTED_INCLUDE_IN_FRAMEWORK_HEADER = YES;
				CLANG_WARN_RANGE_LOOP_ANALYSIS = YES;
				CLANG_WARN_STRICT_PROTOTYPES = YES;
				CLANG_WARN_SUSPICIOUS_MOVE = YES;
				CLANG_WARN_UNGUARDED_AVAILABILITY = YES_AGGRESSIVE;
				CLANG_WARN_UNREACHABLE_CODE = YES;
				CLANG_WARN__DUPLICATE_METHOD_MATCH = YES;
				COPY_PHASE_STRIP = NO;
				DEBUG_INFORMATION_FORMAT = dwarf;
				ENABLE_STRICT_OBJC_MSGSEND = YES;
				ENABLE_TESTABILITY = YES;
				GCC_C_LANGUAGE_STANDARD = gnu11;
				GCC_DYNAMIC_NO_PIC = NO;
				GCC_NO_COMMON_BLOCKS = YES;
				GCC_OPTIMIZATION_LEVEL = 0;
				GCC_PREPROCESSOR_DEFINITIONS = (
					"DEBUG=1",
					"$(inherited)",
				);
				GCC_WARN_64_TO_32_BIT_CONVERSION = YES;
				GCC_WARN_ABOUT_RETURN_TYPE = YES_ERROR;
				GCC_WARN_UNDECLARED_SELECTOR = YES;
				GCC_WARN_UNINITIALIZED_AUTOS = YES_AGGRESSIVE;
				GCC_WARN_UNUSED_FUNCTION = YES;
				GCC_WARN_UNUSED_VARIABLE = YES;
				IPHONEOS_DEPLOYMENT_TARGET = 14.4;
				MTL_ENABLE_DEBUG_INFO = INCLUDE_SOURCE;
				MTL_FAST_MATH = YES;
				ONLY_ACTIVE_ARCH = YES;
				SDKROOT = iphoneos;
				SWIFT_ACTIVE_COMPILATION_CONDITIONS = DEBUG;
				SWIFT_OPTIMIZATION_LEVEL = "-Onone";
			};
			name = Debug;
		};
		FAE507752640EE3B002790C7 /* Release */ = {
			isa = XCBuildConfiguration;
			buildSettings = {
				ALWAYS_SEARCH_USER_PATHS = NO;
				CLANG_ANALYZER_NONNULL = YES;
				CLANG_ANALYZER_NUMBER_OBJECT_CONVERSION = YES_AGGRESSIVE;
				CLANG_CXX_LANGUAGE_STANDARD = "gnu++14";
				CLANG_CXX_LIBRARY = "libc++";
				CLANG_ENABLE_MODULES = YES;
				CLANG_ENABLE_OBJC_ARC = YES;
				CLANG_ENABLE_OBJC_WEAK = YES;
				CLANG_WARN_BLOCK_CAPTURE_AUTORELEASING = YES;
				CLANG_WARN_BOOL_CONVERSION = YES;
				CLANG_WARN_COMMA = YES;
				CLANG_WARN_CONSTANT_CONVERSION = YES;
				CLANG_WARN_DEPRECATED_OBJC_IMPLEMENTATIONS = YES;
				CLANG_WARN_DIRECT_OBJC_ISA_USAGE = YES_ERROR;
				CLANG_WARN_DOCUMENTATION_COMMENTS = YES;
				CLANG_WARN_EMPTY_BODY = YES;
				CLANG_WARN_ENUM_CONVERSION = YES;
				CLANG_WARN_INFINITE_RECURSION = YES;
				CLANG_WARN_INT_CONVERSION = YES;
				CLANG_WARN_NON_LITERAL_NULL_CONVERSION = YES;
				CLANG_WARN_OBJC_IMPLICIT_RETAIN_SELF = YES;
				CLANG_WARN_OBJC_LITERAL_CONVERSION = YES;
				CLANG_WARN_OBJC_ROOT_CLASS = YES_ERROR;
				CLANG_WARN_QUOTED_INCLUDE_IN_FRAMEWORK_HEADER = YES;
				CLANG_WARN_RANGE_LOOP_ANALYSIS = YES;
				CLANG_WARN_STRICT_PROTOTYPES = YES;
				CLANG_WARN_SUSPICIOUS_MOVE = YES;
				CLANG_WARN_UNGUARDED_AVAILABILITY = YES_AGGRESSIVE;
				CLANG_WARN_UNREACHABLE_CODE = YES;
				CLANG_WARN__DUPLICATE_METHOD_MATCH = YES;
				COPY_PHASE_STRIP = NO;
				DEBUG_INFORMATION_FORMAT = "dwarf-with-dsym";
				ENABLE_NS_ASSERTIONS = NO;
				ENABLE_STRICT_OBJC_MSGSEND = YES;
				GCC_C_LANGUAGE_STANDARD = gnu11;
				GCC_NO_COMMON_BLOCKS = YES;
				GCC_WARN_64_TO_32_BIT_CONVERSION = YES;
				GCC_WARN_ABOUT_RETURN_TYPE = YES_ERROR;
				GCC_WARN_UNDECLARED_SELECTOR = YES;
				GCC_WARN_UNINITIALIZED_AUTOS = YES_AGGRESSIVE;
				GCC_WARN_UNUSED_FUNCTION = YES;
				GCC_WARN_UNUSED_VARIABLE = YES;
				IPHONEOS_DEPLOYMENT_TARGET = 14.4;
				MTL_ENABLE_DEBUG_INFO = NO;
				MTL_FAST_MATH = YES;
				SDKROOT = iphoneos;
				SWIFT_COMPILATION_MODE = wholemodule;
				SWIFT_OPTIMIZATION_LEVEL = "-O";
				VALIDATE_PRODUCT = YES;
			};
			name = Release;
		};
		FAE507772640EE3B002790C7 /* Debug */ = {
			isa = XCBuildConfiguration;
			buildSettings = {
				ASSETCATALOG_COMPILER_APPICON_NAME = AppIcon;
				ASSETCATALOG_COMPILER_GLOBAL_ACCENT_COLOR_NAME = AccentColor;
				CODE_SIGN_STYLE = Automatic;
				INFOPLIST_FILE = "post challenge/Info.plist";
				LD_RUNPATH_SEARCH_PATHS = (
					"$(inherited)",
					"@executable_path/Frameworks",
				);
				PRODUCT_BUNDLE_IDENTIFIER = "jc.post-challenge";
				PRODUCT_NAME = "$(TARGET_NAME)";
				SWIFT_VERSION = 5.0;
				TARGETED_DEVICE_FAMILY = "1,2";
			};
			name = Debug;
		};
		FAE507782640EE3B002790C7 /* Release */ = {
			isa = XCBuildConfiguration;
			buildSettings = {
				ASSETCATALOG_COMPILER_APPICON_NAME = AppIcon;
				ASSETCATALOG_COMPILER_GLOBAL_ACCENT_COLOR_NAME = AccentColor;
				CODE_SIGN_STYLE = Automatic;
				INFOPLIST_FILE = "post challenge/Info.plist";
				LD_RUNPATH_SEARCH_PATHS = (
					"$(inherited)",
					"@executable_path/Frameworks",
				);
				PRODUCT_BUNDLE_IDENTIFIER = "jc.post-challenge";
				PRODUCT_NAME = "$(TARGET_NAME)";
				SWIFT_VERSION = 5.0;
				TARGETED_DEVICE_FAMILY = "1,2";
			};
			name = Release;
		};
/* End XCBuildConfiguration section */

/* Begin XCConfigurationList section */
		FAC37D772644E3D7009A36C7 /* Build configuration list for PBXNativeTarget "post challengeTests" */ = {
			isa = XCConfigurationList;
			buildConfigurations = (
				FAC37D782644E3D7009A36C7 /* Debug */,
				FAC37D792644E3D7009A36C7 /* Release */,
			);
			defaultConfigurationIsVisible = 0;
			defaultConfigurationName = Release;
		};
		FAE5075D2640EE3A002790C7 /* Build configuration list for PBXProject "post challenge" */ = {
			isa = XCConfigurationList;
			buildConfigurations = (
				FAE507742640EE3B002790C7 /* Debug */,
				FAE507752640EE3B002790C7 /* Release */,
			);
			defaultConfigurationIsVisible = 0;
			defaultConfigurationName = Release;
		};
		FAE507762640EE3B002790C7 /* Build configuration list for PBXNativeTarget "post challenge" */ = {
			isa = XCConfigurationList;
			buildConfigurations = (
				FAE507772640EE3B002790C7 /* Debug */,
				FAE507782640EE3B002790C7 /* Release */,
			);
			defaultConfigurationIsVisible = 0;
			defaultConfigurationName = Release;
		};
/* End XCConfigurationList section */
	};
	rootObject = FAE5075A2640EE3A002790C7 /* Project object */;
}
